
Microsoft Visual Studio Solution File, Format Version 12.00
# Visual Studio 15
VisualStudioVersion = 15.0.26430.14
MinimumVisualStudioVersion = 10.0.40219.1
Project("{FAE04EC0-301F-11D3-BF4B-00C04F79EFBC}") = "SteganographyTool", "SteganographyTool\SteganographyTool.csproj", "{AED3F7B0-D037-4B47-90C4-BAE43A5D5FC0}"
EndProject
Project("{FAE04EC0-301F-11D3-BF4B-00C04F79EFBC}") = "SteganograpyWinForms", "SteganograpyWinForms\SteganograpyWinForms.csproj", "{E7587A41-C9DA-4E03-8AD6-E88FB8627FAA}"
EndProject
Global
	GlobalSection(SolutionConfigurationPlatforms) = preSolution
		Debug|Any CPU = Debug|Any CPU
		Release|Any CPU = Release|Any CPU
	EndGlobalSection
	GlobalSection(ProjectConfigurationPlatforms) = postSolution
		{AED3F7B0-D037-4B47-90C4-BAE43A5D5FC0}.Debug|Any CPU.ActiveCfg = Debug|Any CPU
		{AED3F7B0-D037-4B47-90C4-BAE43A5D5FC0}.Debug|Any CPU.Build.0 = Debug|Any CPU
		{AED3F7B0-D037-4B47-90C4-BAE43A5D5FC0}.Release|Any CPU.ActiveCfg = Release|Any CPU
		{AED3F7B0-D037-4B47-90C4-BAE43A5D5FC0}.Release|Any CPU.Build.0 = Release|Any CPU
		{E7587A41-C9DA-4E03-8AD6-E88FB8627FAA}.Debug|Any CPU.ActiveCfg = Debug|Any CPU
		{E7587A41-C9DA-4E03-8AD6-E88FB8627FAA}.Debug|Any CPU.Build.0 = Debug|Any CPU
		{E7587A41-C9DA-4E03-8AD6-E88FB8627FAA}.Release|Any CPU.ActiveCfg = Release|Any CPU
		{E7587A41-C9DA-4E03-8AD6-E88FB8627FAA}.Release|Any CPU.Build.0 = Release|Any CPU
	EndGlobalSection
	GlobalSection(SolutionProperties) = preSolution
		HideSolutionNode = FALSE
	EndGlobalSection
EndGlobal
